
Microsoft Visual Studio Solution File, Format Version 12.00
# Visual Studio 15
VisualStudioVersion = 15.0.28307.421
MinimumVisualStudioVersion = 10.0.40219.1
Project("{FAE04EC0-301F-11D3-BF4B-00C04F79EFBC}") = "ReeceNewman_19011948_GADE1B_POE", "ReeceNewman_19011948_GADE1B_POE\ReeceNewman_19011948_GADE1B_POE.csproj", "{4F7CEF35-D893-4C60-8D7A-CE57D42BB635}"
EndProject
Project("{FAE04EC0-301F-11D3-BF4B-00C04F79EFBC}") = "Units", "Units\Units.csproj", "{AD31DDE9-DD40-44B0-A94F-54EFCEFB63A7}"
EndProject
Project("{FAE04EC0-301F-11D3-BF4B-00C04F79EFBC}") = "Buildings", "Buildings\Buildings.csproj", "{976F692B-FD26-4166-9AFB-D3F07740186A}"
EndProject
Project("{FAE04EC0-301F-11D3-BF4B-00C04F79EFBC}") = "Logic", "Logic\Logic.csproj", "{5AF9B12D-B35D-4084-853B-F48273EB1A69}"
EndProject
Global
	GlobalSection(SolutionConfigurationPlatforms) = preSolution
		Debug|Any CPU = Debug|Any CPU
		Release|Any CPU = Release|Any CPU
	EndGlobalSection
	GlobalSection(ProjectConfigurationPlatforms) = postSolution
		{4F7CEF35-D893-4C60-8D7A-CE57D42BB635}.Debug|Any CPU.ActiveCfg = Debug|Any CPU
		{4F7CEF35-D893-4C60-8D7A-CE57D42BB635}.Debug|Any CPU.Build.0 = Debug|Any CPU
		{4F7CEF35-D893-4C60-8D7A-CE57D42BB635}.Release|Any CPU.ActiveCfg = Release|Any CPU
		{4F7CEF35-D893-4C60-8D7A-CE57D42BB635}.Release|Any CPU.Build.0 = Release|Any CPU
		{AD31DDE9-DD40-44B0-A94F-54EFCEFB63A7}.Debug|Any CPU.ActiveCfg = Debug|Any CPU
		{AD31DDE9-DD40-44B0-A94F-54EFCEFB63A7}.Debug|Any CPU.Build.0 = Debug|Any CPU
		{AD31DDE9-DD40-44B0-A94F-54EFCEFB63A7}.Release|Any CPU.ActiveCfg = Release|Any CPU
		{AD31DDE9-DD40-44B0-A94F-54EFCEFB63A7}.Release|Any CPU.Build.0 = Release|Any CPU
		{976F692B-FD26-4166-9AFB-D3F07740186A}.Debug|Any CPU.ActiveCfg = Debug|Any CPU
		{976F692B-FD26-4166-9AFB-D3F07740186A}.Debug|Any CPU.Build.0 = Debug|Any CPU
		{976F692B-FD26-4166-9AFB-D3F07740186A}.Release|Any CPU.ActiveCfg = Release|Any CPU
		{976F692B-FD26-4166-9AFB-D3F07740186A}.Release|Any CPU.Build.0 = Release|Any CPU
		{5AF9B12D-B35D-4084-853B-F48273EB1A69}.Debug|Any CPU.ActiveCfg = Debug|Any CPU
		{5AF9B12D-B35D-4084-853B-F48273EB1A69}.Debug|Any CPU.Build.0 = Debug|Any CPU
		{5AF9B12D-B35D-4084-853B-F48273EB1A69}.Release|Any CPU.ActiveCfg = Release|Any CPU
		{5AF9B12D-B35D-4084-853B-F48273EB1A69}.Release|Any CPU.Build.0 = Release|Any CPU
	EndGlobalSection
	GlobalSection(SolutionProperties) = preSolution
		HideSolutionNode = FALSE
	EndGlobalSection
	GlobalSection(ExtensibilityGlobals) = postSolution
		SolutionGuid = {507D824C-583C-4261-B576-0BF6E7A65608}
	EndGlobalSection
EndGlobal
